// !$*UTF8*$!
{
	archiveVersion = 1;
	classes = {
	};
	objectVersion = 55;
	objects = {

/* Begin PBXBuildFile section */
		46BB6E87288D64780083DA3D /* AppDelegate.swift in Sources */ = {isa = PBXBuildFile; fileRef = 46BB6E86288D64780083DA3D /* AppDelegate.swift */; };
		46BB6E89288D64780083DA3D /* SceneDelegate.swift in Sources */ = {isa = PBXBuildFile; fileRef = 46BB6E88288D64780083DA3D /* SceneDelegate.swift */; };
		46BB6E8E288D64780083DA3D /* Main.storyboard in Resources */ = {isa = PBXBuildFile; fileRef = 46BB6E8C288D64780083DA3D /* Main.storyboard */; };
		46BB6E91288D64780083DA3D /* Food_Ordering_App.xcdatamodeld in Sources */ = {isa = PBXBuildFile; fileRef = 46BB6E8F288D64780083DA3D /* Food_Ordering_App.xcdatamodeld */; };
		46BB6E93288D647A0083DA3D /* Assets.xcassets in Resources */ = {isa = PBXBuildFile; fileRef = 46BB6E92288D647A0083DA3D /* Assets.xcassets */; };
		46BB6E96288D647A0083DA3D /* LaunchScreen.storyboard in Resources */ = {isa = PBXBuildFile; fileRef = 46BB6E94288D647A0083DA3D /* LaunchScreen.storyboard */; };
		46BB6EA0288D69B50083DA3D /* RegisterViewController.swift in Sources */ = {isa = PBXBuildFile; fileRef = 46BB6E9F288D69B50083DA3D /* RegisterViewController.swift */; };
		46BB6EA2288D69D60083DA3D /* HomeViewController.swift in Sources */ = {isa = PBXBuildFile; fileRef = 46BB6EA1288D69D60083DA3D /* HomeViewController.swift */; };
		46BB6EA4288D6A2F0083DA3D /* OrdersViewController.swift in Sources */ = {isa = PBXBuildFile; fileRef = 46BB6EA3288D6A2F0083DA3D /* OrdersViewController.swift */; };
		46BB6EA6288D6A4C0083DA3D /* OrderDetailViewController.swift in Sources */ = {isa = PBXBuildFile; fileRef = 46BB6EA5288D6A4C0083DA3D /* OrderDetailViewController.swift */; };
		46BB6EA8288D6A8E0083DA3D /* ListDishesViewController.swift in Sources */ = {isa = PBXBuildFile; fileRef = 46BB6EA7288D6A8E0083DA3D /* ListDishesViewController.swift */; };
		46BB6EAA288D6B510083DA3D /* ConfirmViewController.swift in Sources */ = {isa = PBXBuildFile; fileRef = 46BB6EA9288D6B510083DA3D /* ConfirmViewController.swift */; };
		46BB6EAC288D6B650083DA3D /* MapViewController.swift in Sources */ = {isa = PBXBuildFile; fileRef = 46BB6EAB288D6B650083DA3D /* MapViewController.swift */; };
		46BB6EAE288D6B760083DA3D /* ProfileViewController.swift in Sources */ = {isa = PBXBuildFile; fileRef = 46BB6EAD288D6B760083DA3D /* ProfileViewController.swift */; };
		46BB6EB0288D6D990083DA3D /* RestoranDetailsViewController.swift in Sources */ = {isa = PBXBuildFile; fileRef = 46BB6EAF288D6D990083DA3D /* RestoranDetailsViewController.swift */; };
		46BB6EB5288DD4500083DA3D /* OnboardingCollectionViewCell.swift in Sources */ = {isa = PBXBuildFile; fileRef = 46BB6EB4288DD4500083DA3D /* OnboardingCollectionViewCell.swift */; };
		46BB6EB7288DD47C0083DA3D /* OnboardingViewController.swift in Sources */ = {isa = PBXBuildFile; fileRef = 46BB6EB6288DD47C0083DA3D /* OnboardingViewController.swift */; };
		46BB6EB9288DD6450083DA3D /* LoginViewController.swift in Sources */ = {isa = PBXBuildFile; fileRef = 46BB6EB8288DD6450083DA3D /* LoginViewController.swift */; };
		46BB6EBB288DD91F0083DA3D /* OnboardingSlide.swift in Sources */ = {isa = PBXBuildFile; fileRef = 46BB6EBA288DD91F0083DA3D /* OnboardingSlide.swift */; };
		46BB6EBD288DE5580083DA3D /* Onboarding.jpg in Resources */ = {isa = PBXBuildFile; fileRef = 46BB6EBC288DE5580083DA3D /* Onboarding.jpg */; };
		46BB6EC9288E08BB0083DA3D /* UserDefaults.swift in Sources */ = {isa = PBXBuildFile; fileRef = 46BB6EC8288E08BB0083DA3D /* UserDefaults.swift */; };
		46BB6ECB288E0E270083DA3D /* User.json in Resources */ = {isa = PBXBuildFile; fileRef = 46BB6ECA288E0E270083DA3D /* User.json */; };
		46BB6ECF288E0E600083DA3D /* Dishes.json in Resources */ = {isa = PBXBuildFile; fileRef = 46BB6ECE288E0E600083DA3D /* Dishes.json */; };
		46BB6ED1288E0EB10083DA3D /* Restaurant.json in Resources */ = {isa = PBXBuildFile; fileRef = 46BB6ED0288E0EB10083DA3D /* Restaurant.json */; };
		46BB6ED5288E109B0083DA3D /* UserModel.swift in Sources */ = {isa = PBXBuildFile; fileRef = 46BB6ED4288E109B0083DA3D /* UserModel.swift */; };
		46BB6ED7288E10AA0083DA3D /* DishesModel.swift in Sources */ = {isa = PBXBuildFile; fileRef = 46BB6ED6288E10AA0083DA3D /* DishesModel.swift */; };
		46BB6ED9288E10C00083DA3D /* RestaurantModel.swift in Sources */ = {isa = PBXBuildFile; fileRef = 46BB6ED8288E10C00083DA3D /* RestaurantModel.swift */; };
		46BB6EDF288ED1630083DA3D /* SearchViewController.swift in Sources */ = {isa = PBXBuildFile; fileRef = 46BB6EDE288ED1630083DA3D /* SearchViewController.swift */; };
		46BB6EE4288ED4400083DA3D /* TabBarViewController.swift in Sources */ = {isa = PBXBuildFile; fileRef = 46BB6EE3288ED4400083DA3D /* TabBarViewController.swift */; };
		46BB6EE8288F0F6A0083DA3D /* StoreTableViewCell.swift in Sources */ = {isa = PBXBuildFile; fileRef = 46BB6EE7288F0F6A0083DA3D /* StoreTableViewCell.swift */; };
		46BB6EEC288F1B8A0083DA3D /* RestaurantCollectionViewCell.swift in Sources */ = {isa = PBXBuildFile; fileRef = 46BB6EEB288F1B8A0083DA3D /* RestaurantCollectionViewCell.swift */; };
		46BB6EEE288F1BA40083DA3D /* DishesCollectionViewCell.swift in Sources */ = {isa = PBXBuildFile; fileRef = 46BB6EED288F1BA40083DA3D /* DishesCollectionViewCell.swift */; };
/* End PBXBuildFile section */

/* Begin PBXFileReference section */
		46BB6E83288D64780083DA3D /* Food-Ordering-App.app */ = {isa = PBXFileReference; explicitFileType = wrapper.application; includeInIndex = 0; path = "Food-Ordering-App.app"; sourceTree = BUILT_PRODUCTS_DIR; };
		46BB6E86288D64780083DA3D /* AppDelegate.swift */ = {isa = PBXFileReference; lastKnownFileType = sourcecode.swift; path = AppDelegate.swift; sourceTree = "<group>"; };
		46BB6E88288D64780083DA3D /* SceneDelegate.swift */ = {isa = PBXFileReference; lastKnownFileType = sourcecode.swift; path = SceneDelegate.swift; sourceTree = "<group>"; };
		46BB6E8D288D64780083DA3D /* Base */ = {isa = PBXFileReference; lastKnownFileType = file.storyboard; name = Base; path = Base.lproj/Main.storyboard; sourceTree = "<group>"; };
		46BB6E90288D64780083DA3D /* Food_Ordering_App.xcdatamodel */ = {isa = PBXFileReference; lastKnownFileType = wrapper.xcdatamodel; path = Food_Ordering_App.xcdatamodel; sourceTree = "<group>"; };
		46BB6E92288D647A0083DA3D /* Assets.xcassets */ = {isa = PBXFileReference; lastKnownFileType = folder.assetcatalog; path = Assets.xcassets; sourceTree = "<group>"; };
		46BB6E95288D647A0083DA3D /* Base */ = {isa = PBXFileReference; lastKnownFileType = file.storyboard; name = Base; path = Base.lproj/LaunchScreen.storyboard; sourceTree = "<group>"; };
		46BB6E97288D647A0083DA3D /* Info.plist */ = {isa = PBXFileReference; lastKnownFileType = text.plist.xml; path = Info.plist; sourceTree = "<group>"; };
		46BB6E9F288D69B50083DA3D /* RegisterViewController.swift */ = {isa = PBXFileReference; lastKnownFileType = sourcecode.swift; path = RegisterViewController.swift; sourceTree = "<group>"; };
		46BB6EA1288D69D60083DA3D /* HomeViewController.swift */ = {isa = PBXFileReference; lastKnownFileType = sourcecode.swift; path = HomeViewController.swift; sourceTree = "<group>"; };
		46BB6EA3288D6A2F0083DA3D /* OrdersViewController.swift */ = {isa = PBXFileReference; lastKnownFileType = sourcecode.swift; path = OrdersViewController.swift; sourceTree = "<group>"; };
		46BB6EA5288D6A4C0083DA3D /* OrderDetailViewController.swift */ = {isa = PBXFileReference; lastKnownFileType = sourcecode.swift; path = OrderDetailViewController.swift; sourceTree = "<group>"; };
		46BB6EA7288D6A8E0083DA3D /* ListDishesViewController.swift */ = {isa = PBXFileReference; lastKnownFileType = sourcecode.swift; path = ListDishesViewController.swift; sourceTree = "<group>"; };
		46BB6EA9288D6B510083DA3D /* ConfirmViewController.swift */ = {isa = PBXFileReference; lastKnownFileType = sourcecode.swift; path = ConfirmViewController.swift; sourceTree = "<group>"; };
		46BB6EAB288D6B650083DA3D /* MapViewController.swift */ = {isa = PBXFileReference; lastKnownFileType = sourcecode.swift; path = MapViewController.swift; sourceTree = "<group>"; };
		46BB6EAD288D6B760083DA3D /* ProfileViewController.swift */ = {isa = PBXFileReference; lastKnownFileType = sourcecode.swift; path = ProfileViewController.swift; sourceTree = "<group>"; };
		46BB6EAF288D6D990083DA3D /* RestoranDetailsViewController.swift */ = {isa = PBXFileReference; lastKnownFileType = sourcecode.swift; path = RestoranDetailsViewController.swift; sourceTree = "<group>"; };
		46BB6EB4288DD4500083DA3D /* OnboardingCollectionViewCell.swift */ = {isa = PBXFileReference; lastKnownFileType = sourcecode.swift; path = OnboardingCollectionViewCell.swift; sourceTree = "<group>"; };
		46BB6EB6288DD47C0083DA3D /* OnboardingViewController.swift */ = {isa = PBXFileReference; lastKnownFileType = sourcecode.swift; path = OnboardingViewController.swift; sourceTree = "<group>"; };
		46BB6EB8288DD6450083DA3D /* LoginViewController.swift */ = {isa = PBXFileReference; lastKnownFileType = sourcecode.swift; path = LoginViewController.swift; sourceTree = "<group>"; };
		46BB6EBA288DD91F0083DA3D /* OnboardingSlide.swift */ = {isa = PBXFileReference; lastKnownFileType = sourcecode.swift; path = OnboardingSlide.swift; sourceTree = "<group>"; };
		46BB6EBC288DE5580083DA3D /* Onboarding.jpg */ = {isa = PBXFileReference; lastKnownFileType = image.jpeg; path = Onboarding.jpg; sourceTree = "<group>"; };
		46BB6EC8288E08BB0083DA3D /* UserDefaults.swift */ = {isa = PBXFileReference; lastKnownFileType = sourcecode.swift; path = UserDefaults.swift; sourceTree = "<group>"; };
		46BB6ECA288E0E270083DA3D /* User.json */ = {isa = PBXFileReference; lastKnownFileType = text.json; path = User.json; sourceTree = "<group>"; };
		46BB6ECE288E0E600083DA3D /* Dishes.json */ = {isa = PBXFileReference; lastKnownFileType = text.json; path = Dishes.json; sourceTree = "<group>"; };
		46BB6ED0288E0EB10083DA3D /* Restaurant.json */ = {isa = PBXFileReference; lastKnownFileType = text.json; path = Restaurant.json; sourceTree = "<group>"; };
		46BB6ED4288E109B0083DA3D /* UserModel.swift */ = {isa = PBXFileReference; lastKnownFileType = sourcecode.swift; path = UserModel.swift; sourceTree = "<group>"; };
		46BB6ED6288E10AA0083DA3D /* DishesModel.swift */ = {isa = PBXFileReference; lastKnownFileType = sourcecode.swift; path = DishesModel.swift; sourceTree = "<group>"; };
		46BB6ED8288E10C00083DA3D /* RestaurantModel.swift */ = {isa = PBXFileReference; lastKnownFileType = sourcecode.swift; path = RestaurantModel.swift; sourceTree = "<group>"; };
		46BB6EDE288ED1630083DA3D /* SearchViewController.swift */ = {isa = PBXFileReference; lastKnownFileType = sourcecode.swift; path = SearchViewController.swift; sourceTree = "<group>"; };
		46BB6EE3288ED4400083DA3D /* TabBarViewController.swift */ = {isa = PBXFileReference; lastKnownFileType = sourcecode.swift; path = TabBarViewController.swift; sourceTree = "<group>"; };
		46BB6EE7288F0F6A0083DA3D /* StoreTableViewCell.swift */ = {isa = PBXFileReference; lastKnownFileType = sourcecode.swift; path = StoreTableViewCell.swift; sourceTree = "<group>"; };
		46BB6EEB288F1B8A0083DA3D /* RestaurantCollectionViewCell.swift */ = {isa = PBXFileReference; lastKnownFileType = sourcecode.swift; path = RestaurantCollectionViewCell.swift; sourceTree = "<group>"; };
		46BB6EED288F1BA40083DA3D /* DishesCollectionViewCell.swift */ = {isa = PBXFileReference; lastKnownFileType = sourcecode.swift; path = DishesCollectionViewCell.swift; sourceTree = "<group>"; };
/* End PBXFileReference section */

/* Begin PBXFrameworksBuildPhase section */
		46BB6E80288D64780083DA3D /* Frameworks */ = {
			isa = PBXFrameworksBuildPhase;
			buildActionMask = 2147483647;
			files = (
			);
			runOnlyForDeploymentPostprocessing = 0;
		};
/* End PBXFrameworksBuildPhase section */

/* Begin PBXGroup section */
		46BB6E7A288D64780083DA3D = {
			isa = PBXGroup;
			children = (
				46BB6E85288D64780083DA3D /* Food-Ordering-App */,
				46BB6E84288D64780083DA3D /* Products */,
			);
			sourceTree = "<group>";
		};
		46BB6E84288D64780083DA3D /* Products */ = {
			isa = PBXGroup;
			children = (
				46BB6E83288D64780083DA3D /* Food-Ordering-App.app */,
			);
			name = Products;
			sourceTree = "<group>";
		};
		46BB6E85288D64780083DA3D /* Food-Ordering-App */ = {
			isa = PBXGroup;
			children = (
				46BB6E86288D64780083DA3D /* AppDelegate.swift */,
				46BB6E88288D64780083DA3D /* SceneDelegate.swift */,
				46BB6EE6288F0F400083DA3D /* Cell */,
				46BB6EE5288ED4A60083DA3D /* TabBar */,
				46BB6ED3288E0F3B0083DA3D /* UserDefaults */,
				46BB6ED2288E0EC10083DA3D /* Json */,
				46BB6EE0288ED1690083DA3D /* Search */,
				46BB6EC7288E015E0083DA3D /* ListDishes */,
				46BB6EC6288E01470083DA3D /* ConfirmOrder */,
				46BB6EC5288E01350083DA3D /* RestoranDetail */,
				46BB6EC4288E01110083DA3D /* Login */,
				46BB6EC3288E00E40083DA3D /* Profile */,
				46BB6EC2288E00DB0083DA3D /* Home */,
				46BB6EC1288E00BF0083DA3D /* Order */,
				46BB6EC0288E00A70083DA3D /* Register */,
				46BB6EBF288E00910083DA3D /* Map */,
				46BB6EB3288DCC210083DA3D /* Onboarding */,
				46BB6E8C288D64780083DA3D /* Main.storyboard */,
				46BB6EBE288E00770083DA3D /* Model */,
				46BB6E92288D647A0083DA3D /* Assets.xcassets */,
				46BB6E94288D647A0083DA3D /* LaunchScreen.storyboard */,
				46BB6E97288D647A0083DA3D /* Info.plist */,
				46BB6E8F288D64780083DA3D /* Food_Ordering_App.xcdatamodeld */,
				46BB6EBC288DE5580083DA3D /* Onboarding.jpg */,
			);
			path = "Food-Ordering-App";
			sourceTree = "<group>";
		};
		46BB6EB3288DCC210083DA3D /* Onboarding */ = {
			isa = PBXGroup;
			children = (
				46BB6EB4288DD4500083DA3D /* OnboardingCollectionViewCell.swift */,
				46BB6EB6288DD47C0083DA3D /* OnboardingViewController.swift */,
			);
			path = Onboarding;
			sourceTree = "<group>";
		};
		46BB6EBE288E00770083DA3D /* Model */ = {
			isa = PBXGroup;
			children = (
				46BB6EBA288DD91F0083DA3D /* OnboardingSlide.swift */,
				46BB6ED4288E109B0083DA3D /* UserModel.swift */,
				46BB6ED6288E10AA0083DA3D /* DishesModel.swift */,
				46BB6ED8288E10C00083DA3D /* RestaurantModel.swift */,
			);
			path = Model;
			sourceTree = "<group>";
		};
		46BB6EBF288E00910083DA3D /* Map */ = {
			isa = PBXGroup;
			children = (
				46BB6EAB288D6B650083DA3D /* MapViewController.swift */,
			);
			path = Map;
			sourceTree = "<group>";
		};
		46BB6EC0288E00A70083DA3D /* Register */ = {
			isa = PBXGroup;
			children = (
				46BB6E9F288D69B50083DA3D /* RegisterViewController.swift */,
			);
			path = Register;
			sourceTree = "<group>";
		};
		46BB6EC1288E00BF0083DA3D /* Order */ = {
			isa = PBXGroup;
			children = (
				46BB6EA3288D6A2F0083DA3D /* OrdersViewController.swift */,
				46BB6EA5288D6A4C0083DA3D /* OrderDetailViewController.swift */,
			);
			path = Order;
			sourceTree = "<group>";
		};
		46BB6EC2288E00DB0083DA3D /* Home */ = {
			isa = PBXGroup;
			children = (
				46BB6EA1288D69D60083DA3D /* HomeViewController.swift */,
			);
			path = Home;
			sourceTree = "<group>";
		};
		46BB6EC3288E00E40083DA3D /* Profile */ = {
			isa = PBXGroup;
			children = (
				46BB6EAD288D6B760083DA3D /* ProfileViewController.swift */,
			);
			path = Profile;
			sourceTree = "<group>";
		};
		46BB6EC4288E01110083DA3D /* Login */ = {
			isa = PBXGroup;
			children = (
				46BB6EB8288DD6450083DA3D /* LoginViewController.swift */,
			);
			path = Login;
			sourceTree = "<group>";
		};
		46BB6EC5288E01350083DA3D /* RestoranDetail */ = {
			isa = PBXGroup;
			children = (
				46BB6EAF288D6D990083DA3D /* RestoranDetailsViewController.swift */,
			);
			path = RestoranDetail;
			sourceTree = "<group>";
		};
		46BB6EC6288E01470083DA3D /* ConfirmOrder */ = {
			isa = PBXGroup;
			children = (
				46BB6EA9288D6B510083DA3D /* ConfirmViewController.swift */,
			);
			path = ConfirmOrder;
			sourceTree = "<group>";
		};
		46BB6EC7288E015E0083DA3D /* ListDishes */ = {
			isa = PBXGroup;
			children = (
				46BB6EA7288D6A8E0083DA3D /* ListDishesViewController.swift */,
			);
			path = ListDishes;
			sourceTree = "<group>";
		};
		46BB6ED2288E0EC10083DA3D /* Json */ = {
			isa = PBXGroup;
			children = (
				46BB6ECA288E0E270083DA3D /* User.json */,
				46BB6ECE288E0E600083DA3D /* Dishes.json */,
				46BB6ED0288E0EB10083DA3D /* Restaurant.json */,
			);
			path = Json;
			sourceTree = "<group>";
		};
		46BB6ED3288E0F3B0083DA3D /* UserDefaults */ = {
			isa = PBXGroup;
			children = (
				46BB6EC8288E08BB0083DA3D /* UserDefaults.swift */,
			);
			path = UserDefaults;
			sourceTree = "<group>";
		};
		46BB6EE0288ED1690083DA3D /* Search */ = {
			isa = PBXGroup;
			children = (
				46BB6EDE288ED1630083DA3D /* SearchViewController.swift */,
			);
			path = Search;
			sourceTree = "<group>";
		};
		46BB6EE5288ED4A60083DA3D /* TabBar */ = {
			isa = PBXGroup;
			children = (
				46BB6EE3288ED4400083DA3D /* TabBarViewController.swift */,
			);
			path = TabBar;
			sourceTree = "<group>";
		};
		46BB6EE6288F0F400083DA3D /* Cell */ = {
			isa = PBXGroup;
			children = (
				46BB6EE7288F0F6A0083DA3D /* StoreTableViewCell.swift */,
				46BB6EEB288F1B8A0083DA3D /* RestaurantCollectionViewCell.swift */,
				46BB6EED288F1BA40083DA3D /* DishesCollectionViewCell.swift */,
			);
			path = Cell;
			sourceTree = "<group>";
		};
/* End PBXGroup section */

/* Begin PBXNativeTarget section */
		46BB6E82288D64780083DA3D /* Food-Ordering-App */ = {
			isa = PBXNativeTarget;
			buildConfigurationList = 46BB6E9A288D647A0083DA3D /* Build configuration list for PBXNativeTarget "Food-Ordering-App" */;
			buildPhases = (
				46BB6E7F288D64780083DA3D /* Sources */,
				46BB6E80288D64780083DA3D /* Frameworks */,
				46BB6E81288D64780083DA3D /* Resources */,
			);
			buildRules = (
			);
			dependencies = (
			);
			name = "Food-Ordering-App";
			productName = "Food-Ordering-App";
			productReference = 46BB6E83288D64780083DA3D /* Food-Ordering-App.app */;
			productType = "com.apple.product-type.application";
		};
/* End PBXNativeTarget section */

/* Begin PBXProject section */
		46BB6E7B288D64780083DA3D /* Project object */ = {
			isa = PBXProject;
			attributes = {
				BuildIndependentTargetsInParallel = 1;
				LastSwiftUpdateCheck = 1340;
				LastUpgradeCheck = 1340;
				TargetAttributes = {
					46BB6E82288D64780083DA3D = {
						CreatedOnToolsVersion = 13.4;
					};
				};
			};
			buildConfigurationList = 46BB6E7E288D64780083DA3D /* Build configuration list for PBXProject "Food-Ordering-App" */;
			compatibilityVersion = "Xcode 13.0";
			developmentRegion = en;
			hasScannedForEncodings = 0;
			knownRegions = (
				en,
				Base,
			);
			mainGroup = 46BB6E7A288D64780083DA3D;
			productRefGroup = 46BB6E84288D64780083DA3D /* Products */;
			projectDirPath = "";
			projectRoot = "";
			targets = (
				46BB6E82288D64780083DA3D /* Food-Ordering-App */,
			);
		};
/* End PBXProject section */

/* Begin PBXResourcesBuildPhase section */
		46BB6E81288D64780083DA3D /* Resources */ = {
			isa = PBXResourcesBuildPhase;
			buildActionMask = 2147483647;
			files = (
				46BB6EBD288DE5580083DA3D /* Onboarding.jpg in Resources */,
				46BB6ECB288E0E270083DA3D /* User.json in Resources */,
				46BB6E96288D647A0083DA3D /* LaunchScreen.storyboard in Resources */,
				46BB6ECF288E0E600083DA3D /* Dishes.json in Resources */,
				46BB6ED1288E0EB10083DA3D /* Restaurant.json in Resources */,
				46BB6E93288D647A0083DA3D /* Assets.xcassets in Resources */,
				46BB6E8E288D64780083DA3D /* Main.storyboard in Resources */,
			);
			runOnlyForDeploymentPostprocessing = 0;
		};
/* End PBXResourcesBuildPhase section */

/* Begin PBXSourcesBuildPhase section */
		46BB6E7F288D64780083DA3D /* Sources */ = {
			isa = PBXSourcesBuildPhase;
			buildActionMask = 2147483647;
			files = (
				46BB6EAC288D6B650083DA3D /* MapViewController.swift in Sources */,
				46BB6EA6288D6A4C0083DA3D /* OrderDetailViewController.swift in Sources */,
				46BB6EE4288ED4400083DA3D /* TabBarViewController.swift in Sources */,
				46BB6EA0288D69B50083DA3D /* RegisterViewController.swift in Sources */,
				46BB6EB9288DD6450083DA3D /* LoginViewController.swift in Sources */,
				46BB6EEC288F1B8A0083DA3D /* RestaurantCollectionViewCell.swift in Sources */,
				46BB6EBB288DD91F0083DA3D /* OnboardingSlide.swift in Sources */,
				46BB6ED7288E10AA0083DA3D /* DishesModel.swift in Sources */,
				46BB6EC9288E08BB0083DA3D /* UserDefaults.swift in Sources */,
				46BB6E87288D64780083DA3D /* AppDelegate.swift in Sources */,
				46BB6EB5288DD4500083DA3D /* OnboardingCollectionViewCell.swift in Sources */,
				46BB6EA4288D6A2F0083DA3D /* OrdersViewController.swift in Sources */,
				46BB6EEE288F1BA40083DA3D /* DishesCollectionViewCell.swift in Sources */,
				46BB6EB7288DD47C0083DA3D /* OnboardingViewController.swift in Sources */,
				46BB6EAE288D6B760083DA3D /* ProfileViewController.swift in Sources */,
				46BB6EAA288D6B510083DA3D /* ConfirmViewController.swift in Sources */,
				46BB6EA8288D6A8E0083DA3D /* ListDishesViewController.swift in Sources */,
				46BB6ED9288E10C00083DA3D /* RestaurantModel.swift in Sources */,
				46BB6EDF288ED1630083DA3D /* SearchViewController.swift in Sources */,
				46BB6EE8288F0F6A0083DA3D /* StoreTableViewCell.swift in Sources */,
				46BB6E89288D64780083DA3D /* SceneDelegate.swift in Sources */,
				46BB6EB0288D6D990083DA3D /* RestoranDetailsViewController.swift in Sources */,
				46BB6E91288D64780083DA3D /* Food_Ordering_App.xcdatamodeld in Sources */,
				46BB6ED5288E109B0083DA3D /* UserModel.swift in Sources */,
				46BB6EA2288D69D60083DA3D /* HomeViewController.swift in Sources */,
			);
			runOnlyForDeploymentPostprocessing = 0;
		};
/* End PBXSourcesBuildPhase section */

/* Begin PBXVariantGroup section */
		46BB6E8C288D64780083DA3D /* Main.storyboard */ = {
			isa = PBXVariantGroup;
			children = (
				46BB6E8D288D64780083DA3D /* Base */,
			);
			name = Main.storyboard;
			sourceTree = "<group>";
		};
		46BB6E94288D647A0083DA3D /* LaunchScreen.storyboard */ = {
			isa = PBXVariantGroup;
			children = (
				46BB6E95288D647A0083DA3D /* Base */,
			);
			name = LaunchScreen.storyboard;
			sourceTree = "<group>";
		};
/* End PBXVariantGroup section */

/* Begin XCBuildConfiguration section */
		46BB6E98288D647A0083DA3D /* Debug */ = {
			isa = XCBuildConfiguration;
			buildSettings = {
				ALWAYS_SEARCH_USER_PATHS = NO;
				CLANG_ANALYZER_NONNULL = YES;
				CLANG_ANALYZER_NUMBER_OBJECT_CONVERSION = YES_AGGRESSIVE;
				CLANG_CXX_LANGUAGE_STANDARD = "gnu++17";
				CLANG_ENABLE_MODULES = YES;
				CLANG_ENABLE_OBJC_ARC = YES;
				CLANG_ENABLE_OBJC_WEAK = YES;
				CLANG_WARN_BLOCK_CAPTURE_AUTORELEASING = YES;
				CLANG_WARN_BOOL_CONVERSION = YES;
				CLANG_WARN_COMMA = YES;
				CLANG_WARN_CONSTANT_CONVERSION = YES;
				CLANG_WARN_DEPRECATED_OBJC_IMPLEMENTATIONS = YES;
				CLANG_WARN_DIRECT_OBJC_ISA_USAGE = YES_ERROR;
				CLANG_WARN_DOCUMENTATION_COMMENTS = YES;
				CLANG_WARN_EMPTY_BODY = YES;
				CLANG_WARN_ENUM_CONVERSION = YES;
				CLANG_WARN_INFINITE_RECURSION = YES;
				CLANG_WARN_INT_CONVERSION = YES;
				CLANG_WARN_NON_LITERAL_NULL_CONVERSION = YES;
				CLANG_WARN_OBJC_IMPLICIT_RETAIN_SELF = YES;
				CLANG_WARN_OBJC_LITERAL_CONVERSION = YES;
				CLANG_WARN_OBJC_ROOT_CLASS = YES_ERROR;
				CLANG_WARN_QUOTED_INCLUDE_IN_FRAMEWORK_HEADER = YES;
				CLANG_WARN_RANGE_LOOP_ANALYSIS = YES;
				CLANG_WARN_STRICT_PROTOTYPES = YES;
				CLANG_WARN_SUSPICIOUS_MOVE = YES;
				CLANG_WARN_UNGUARDED_AVAILABILITY = YES_AGGRESSIVE;
				CLANG_WARN_UNREACHABLE_CODE = YES;
				CLANG_WARN__DUPLICATE_METHOD_MATCH = YES;
				COPY_PHASE_STRIP = NO;
				DEBUG_INFORMATION_FORMAT = dwarf;
				ENABLE_STRICT_OBJC_MSGSEND = YES;
				ENABLE_TESTABILITY = YES;
				GCC_C_LANGUAGE_STANDARD = gnu11;
				GCC_DYNAMIC_NO_PIC = NO;
				GCC_NO_COMMON_BLOCKS = YES;
				GCC_OPTIMIZATION_LEVEL = 0;
				GCC_PREPROCESSOR_DEFINITIONS = (
					"DEBUG=1",
					"$(inherited)",
				);
				GCC_WARN_64_TO_32_BIT_CONVERSION = YES;
				GCC_WARN_ABOUT_RETURN_TYPE = YES_ERROR;
				GCC_WARN_UNDECLARED_SELECTOR = YES;
				GCC_WARN_UNINITIALIZED_AUTOS = YES_AGGRESSIVE;
				GCC_WARN_UNUSED_FUNCTION = YES;
				GCC_WARN_UNUSED_VARIABLE = YES;
				IPHONEOS_DEPLOYMENT_TARGET = 15.5;
				MTL_ENABLE_DEBUG_INFO = INCLUDE_SOURCE;
				MTL_FAST_MATH = YES;
				ONLY_ACTIVE_ARCH = YES;
				SDKROOT = iphoneos;
				SWIFT_ACTIVE_COMPILATION_CONDITIONS = DEBUG;
				SWIFT_OPTIMIZATION_LEVEL = "-Onone";
			};
			name = Debug;
		};
		46BB6E99288D647A0083DA3D /* Release */ = {
			isa = XCBuildConfiguration;
			buildSettings = {
				ALWAYS_SEARCH_USER_PATHS = NO;
				CLANG_ANALYZER_NONNULL = YES;
				CLANG_ANALYZER_NUMBER_OBJECT_CONVERSION = YES_AGGRESSIVE;
				CLANG_CXX_LANGUAGE_STANDARD = "gnu++17";
				CLANG_ENABLE_MODULES = YES;
				CLANG_ENABLE_OBJC_ARC = YES;
				CLANG_ENABLE_OBJC_WEAK = YES;
				CLANG_WARN_BLOCK_CAPTURE_AUTORELEASING = YES;
				CLANG_WARN_BOOL_CONVERSION = YES;
				CLANG_WARN_COMMA = YES;
				CLANG_WARN_CONSTANT_CONVERSION = YES;
				CLANG_WARN_DEPRECATED_OBJC_IMPLEMENTATIONS = YES;
				CLANG_WARN_DIRECT_OBJC_ISA_USAGE = YES_ERROR;
				CLANG_WARN_DOCUMENTATION_COMMENTS = YES;
				CLANG_WARN_EMPTY_BODY = YES;
				CLANG_WARN_ENUM_CONVERSION = YES;
				CLANG_WARN_INFINITE_RECURSION = YES;
				CLANG_WARN_INT_CONVERSION = YES;
				CLANG_WARN_NON_LITERAL_NULL_CONVERSION = YES;
				CLANG_WARN_OBJC_IMPLICIT_RETAIN_SELF = YES;
				CLANG_WARN_OBJC_LITERAL_CONVERSION = YES;
				CLANG_WARN_OBJC_ROOT_CLASS = YES_ERROR;
				CLANG_WARN_QUOTED_INCLUDE_IN_FRAMEWORK_HEADER = YES;
				CLANG_WARN_RANGE_LOOP_ANALYSIS = YES;
				CLANG_WARN_STRICT_PROTOTYPES = YES;
				CLANG_WARN_SUSPICIOUS_MOVE = YES;
				CLANG_WARN_UNGUARDED_AVAILABILITY = YES_AGGRESSIVE;
				CLANG_WARN_UNREACHABLE_CODE = YES;
				CLANG_WARN__DUPLICATE_METHOD_MATCH = YES;
				COPY_PHASE_STRIP = NO;
				DEBUG_INFORMATION_FORMAT = "dwarf-with-dsym";
				ENABLE_NS_ASSERTIONS = NO;
				ENABLE_STRICT_OBJC_MSGSEND = YES;
				GCC_C_LANGUAGE_STANDARD = gnu11;
				GCC_NO_COMMON_BLOCKS = YES;
				GCC_WARN_64_TO_32_BIT_CONVERSION = YES;
				GCC_WARN_ABOUT_RETURN_TYPE = YES_ERROR;
				GCC_WARN_UNDECLARED_SELECTOR = YES;
				GCC_WARN_UNINITIALIZED_AUTOS = YES_AGGRESSIVE;
				GCC_WARN_UNUSED_FUNCTION = YES;
				GCC_WARN_UNUSED_VARIABLE = YES;
				IPHONEOS_DEPLOYMENT_TARGET = 15.5;
				MTL_ENABLE_DEBUG_INFO = NO;
				MTL_FAST_MATH = YES;
				SDKROOT = iphoneos;
				SWIFT_COMPILATION_MODE = wholemodule;
				SWIFT_OPTIMIZATION_LEVEL = "-O";
				VALIDATE_PRODUCT = YES;
			};
			name = Release;
		};
		46BB6E9B288D647A0083DA3D /* Debug */ = {
			isa = XCBuildConfiguration;
			buildSettings = {
				ASSETCATALOG_COMPILER_APPICON_NAME = AppIcon;
				ASSETCATALOG_COMPILER_GLOBAL_ACCENT_COLOR_NAME = AccentColor;
				CODE_SIGN_STYLE = Automatic;
				CURRENT_PROJECT_VERSION = 1;
				GENERATE_INFOPLIST_FILE = YES;
				INFOPLIST_FILE = "Food-Ordering-App/Info.plist";
				INFOPLIST_KEY_UIApplicationSupportsIndirectInputEvents = YES;
				INFOPLIST_KEY_UILaunchStoryboardName = LaunchScreen;
				INFOPLIST_KEY_UIMainStoryboardFile = Main;
				INFOPLIST_KEY_UISupportedInterfaceOrientations_iPad = "UIInterfaceOrientationPortrait UIInterfaceOrientationPortraitUpsideDown UIInterfaceOrientationLandscapeLeft UIInterfaceOrientationLandscapeRight";
				INFOPLIST_KEY_UISupportedInterfaceOrientations_iPhone = "UIInterfaceOrientationPortrait UIInterfaceOrientationLandscapeLeft UIInterfaceOrientationLandscapeRight";
				LD_RUNPATH_SEARCH_PATHS = (
					"$(inherited)",
					"@executable_path/Frameworks",
				);
				MARKETING_VERSION = 1.0;
				PRODUCT_BUNDLE_IDENTIFIER = "com.rustam.Food-Ordering-App";
				PRODUCT_NAME = "$(TARGET_NAME)";
				SWIFT_EMIT_LOC_STRINGS = YES;
				SWIFT_VERSION = 5.0;
				TARGETED_DEVICE_FAMILY = "1,2";
			};
			name = Debug;
		};
		46BB6E9C288D647A0083DA3D /* Release */ = {
			isa = XCBuildConfiguration;
			buildSettings = {
				ASSETCATALOG_COMPILER_APPICON_NAME = AppIcon;
				ASSETCATALOG_COMPILER_GLOBAL_ACCENT_COLOR_NAME = AccentColor;
				CODE_SIGN_STYLE = Automatic;
				CURRENT_PROJECT_VERSION = 1;
				GENERATE_INFOPLIST_FILE = YES;
				INFOPLIST_FILE = "Food-Ordering-App/Info.plist";
				INFOPLIST_KEY_UIApplicationSupportsIndirectInputEvents = YES;
				INFOPLIST_KEY_UILaunchStoryboardName = LaunchScreen;
				INFOPLIST_KEY_UIMainStoryboardFile = Main;
				INFOPLIST_KEY_UISupportedInterfaceOrientations_iPad = "UIInterfaceOrientationPortrait UIInterfaceOrientationPortraitUpsideDown UIInterfaceOrientationLandscapeLeft UIInterfaceOrientationLandscapeRight";
				INFOPLIST_KEY_UISupportedInterfaceOrientations_iPhone = "UIInterfaceOrientationPortrait UIInterfaceOrientationLandscapeLeft UIInterfaceOrientationLandscapeRight";
				LD_RUNPATH_SEARCH_PATHS = (
					"$(inherited)",
					"@executable_path/Frameworks",
				);
				MARKETING_VERSION = 1.0;
				PRODUCT_BUNDLE_IDENTIFIER = "com.rustam.Food-Ordering-App";
				PRODUCT_NAME = "$(TARGET_NAME)";
				SWIFT_EMIT_LOC_STRINGS = YES;
				SWIFT_VERSION = 5.0;
				TARGETED_DEVICE_FAMILY = "1,2";
			};
			name = Release;
		};
/* End XCBuildConfiguration section */

/* Begin XCConfigurationList section */
		46BB6E7E288D64780083DA3D /* Build configuration list for PBXProject "Food-Ordering-App" */ = {
			isa = XCConfigurationList;
			buildConfigurations = (
				46BB6E98288D647A0083DA3D /* Debug */,
				46BB6E99288D647A0083DA3D /* Release */,
			);
			defaultConfigurationIsVisible = 0;
			defaultConfigurationName = Release;
		};
		46BB6E9A288D647A0083DA3D /* Build configuration list for PBXNativeTarget "Food-Ordering-App" */ = {
			isa = XCConfigurationList;
			buildConfigurations = (
				46BB6E9B288D647A0083DA3D /* Debug */,
				46BB6E9C288D647A0083DA3D /* Release */,
			);
			defaultConfigurationIsVisible = 0;
			defaultConfigurationName = Release;
		};
/* End XCConfigurationList section */

/* Begin XCVersionGroup section */
		46BB6E8F288D64780083DA3D /* Food_Ordering_App.xcdatamodeld */ = {
			isa = XCVersionGroup;
			children = (
				46BB6E90288D64780083DA3D /* Food_Ordering_App.xcdatamodel */,
			);
			currentVersion = 46BB6E90288D64780083DA3D /* Food_Ordering_App.xcdatamodel */;
			path = Food_Ordering_App.xcdatamodeld;
			sourceTree = "<group>";
			versionGroupType = wrapper.xcdatamodel;
		};
/* End XCVersionGroup section */
	};
	rootObject = 46BB6E7B288D64780083DA3D /* Project object */;
}
